
Microsoft Visual Studio Solution File, Format Version 12.00
# Visual Studio Version 17
VisualStudioVersion = 17.4.33205.214
MinimumVisualStudioVersion = 10.0.40219.1
Project("{8BC9CEB8-8B4A-11D0-8D11-00A0C91BC942}") = "RSP", "Fixups\RSP.vcxproj", "{28060D5A-1B0F-4AE1-B0BF-94691C7A219E}"
	ProjectSection(ProjectDependencies) = postProject
		{03B612E0-45FF-4A2B-8E9F-C31970F1B44A} = {03B612E0-45FF-4A2B-8E9F-C31970F1B44A}
		{2D3D4E4C-EF04-4C39-9EC2-2B8F799EF08C} = {2D3D4E4C-EF04-4C39-9EC2-2B8F799EF08C}
		{54452BC0-1587-4845-B300-CDB3093430E6} = {54452BC0-1587-4845-B300-CDB3093430E6}
		{5BA7BDCD-DCE6-4BC8-A601-647A9E8ECBE4} = {5BA7BDCD-DCE6-4BC8-A601-647A9E8ECBE4}
		{98BA2AD0-C967-43B2-A4FC-3C474AC6F437} = {98BA2AD0-C967-43B2-A4FC-3C474AC6F437}
		{A59C471D-61CA-41EC-A0AF-20E87A050F8C} = {A59C471D-61CA-41EC-A0AF-20E87A050F8C}
		{B802BE30-559B-4CEE-9F02-32E3A2B4FA85} = {B802BE30-559B-4CEE-9F02-32E3A2B4FA85}
		{E4D7696F-0841-3E78-A171-81A81AFE5893} = {E4D7696F-0841-3E78-A171-81A81AFE5893}
		{E5A339FD-79B9-4959-AD93-94BE619019C6} = {E5A339FD-79B9-4959-AD93-94BE619019C6}
		{F00C6ECB-AC9C-41A7-BB91-62BA3F1B6DF4} = {F00C6ECB-AC9C-41A7-BB91-62BA3F1B6DF4}
	EndProjectSection
EndProject
Project("{8BC9CEB8-8B4A-11D0-8D11-00A0C91BC942}") = "minizip-ng", "Thirdparty\minizip-ng.vcxproj", "{A59C471D-61CA-41EC-A0AF-20E87A050F8C}"
EndProject
Project("{8BC9CEB8-8B4A-11D0-8D11-00A0C91BC942}") = "zlib-ng", "Thirdparty\zlib-ng.vcxproj", "{B802BE30-559B-4CEE-9F02-32E3A2B4FA85}"
EndProject
Project("{8BC9CEB8-8B4A-11D0-8D11-00A0C91BC942}") = "libui", "Thirdparty\libui.vcxproj", "{2D3D4E4C-EF04-4C39-9EC2-2B8F799EF08C}"
EndProject
Project("{8BC9CEB8-8B4A-11D0-8D11-00A0C91BC942}") = "libui-common", "Thirdparty\libui-common.vcxproj", "{5BA7BDCD-DCE6-4BC8-A601-647A9E8ECBE4}"
EndProject
Project("{8BC9CEB8-8B4A-11D0-8D11-00A0C91BC942}") = "yaml-cpp", "Thirdparty\yaml-cpp.vcxproj", "{E4D7696F-0841-3E78-A171-81A81AFE5893}"
EndProject
Project("{8BC9CEB8-8B4A-11D0-8D11-00A0C91BC942}") = "zlib-ng-avx", "Thirdparty\zlib-ng-avx.vcxproj", "{03B612E0-45FF-4A2B-8E9F-C31970F1B44A}"
EndProject
Project("{8BC9CEB8-8B4A-11D0-8D11-00A0C91BC942}") = "zlib-ng-avx2", "Thirdparty\zlib-ng-avx2.vcxproj", "{54452BC0-1587-4845-B300-CDB3093430E6}"
EndProject
Project("{8BC9CEB8-8B4A-11D0-8D11-00A0C91BC942}") = "zlib-ng-ssse3", "Thirdparty\zlib-ng-ssse3.vcxproj", "{98BA2AD0-C967-43B2-A4FC-3C474AC6F437}"
EndProject
Project("{8BC9CEB8-8B4A-11D0-8D11-00A0C91BC942}") = "zlib-ng-sse42", "Thirdparty\zlib-ng-sse42.vcxproj", "{F00C6ECB-AC9C-41A7-BB91-62BA3F1B6DF4}"
EndProject
Project("{8BC9CEB8-8B4A-11D0-8D11-00A0C91BC942}") = "zlib-ng-sse4", "Thirdparty\zlib-ng-sse4.vcxproj", "{E5A339FD-79B9-4959-AD93-94BE619019C6}"
EndProject
Global
	GlobalSection(SolutionConfigurationPlatforms) = preSolution
		Debug|x64 = Debug|x64
		Debug|x86 = Debug|x86
		Release|x64 = Release|x64
		Release|x86 = Release|x86
		ReleaseExternal|x64 = ReleaseExternal|x64
		ReleaseExternal|x86 = ReleaseExternal|x86
	EndGlobalSection
	GlobalSection(ProjectConfigurationPlatforms) = postSolution
		{28060D5A-1B0F-4AE1-B0BF-94691C7A219E}.Debug|x64.ActiveCfg = Debug|x64
		{28060D5A-1B0F-4AE1-B0BF-94691C7A219E}.Debug|x64.Build.0 = Debug|x64
		{28060D5A-1B0F-4AE1-B0BF-94691C7A219E}.Debug|x86.ActiveCfg = Debug|Win32
		{28060D5A-1B0F-4AE1-B0BF-94691C7A219E}.Debug|x86.Build.0 = Debug|Win32
		{28060D5A-1B0F-4AE1-B0BF-94691C7A219E}.Release|x64.ActiveCfg = Release|x64
		{28060D5A-1B0F-4AE1-B0BF-94691C7A219E}.Release|x64.Build.0 = Release|x64
		{28060D5A-1B0F-4AE1-B0BF-94691C7A219E}.Release|x86.ActiveCfg = Release|Win32
		{28060D5A-1B0F-4AE1-B0BF-94691C7A219E}.Release|x86.Build.0 = Release|Win32
		{28060D5A-1B0F-4AE1-B0BF-94691C7A219E}.ReleaseExternal|x64.ActiveCfg = ReleaseExternal|x64
		{28060D5A-1B0F-4AE1-B0BF-94691C7A219E}.ReleaseExternal|x64.Build.0 = ReleaseExternal|x64
		{28060D5A-1B0F-4AE1-B0BF-94691C7A219E}.ReleaseExternal|x86.ActiveCfg = ReleaseExternal|Win32
		{28060D5A-1B0F-4AE1-B0BF-94691C7A219E}.ReleaseExternal|x86.Build.0 = ReleaseExternal|Win32
		{A59C471D-61CA-41EC-A0AF-20E87A050F8C}.Debug|x64.ActiveCfg = Debug|x64
		{A59C471D-61CA-41EC-A0AF-20E87A050F8C}.Debug|x64.Build.0 = Debug|x64
		{A59C471D-61CA-41EC-A0AF-20E87A050F8C}.Debug|x86.ActiveCfg = Debug|Win32
		{A59C471D-61CA-41EC-A0AF-20E87A050F8C}.Debug|x86.Build.0 = Debug|Win32
		{A59C471D-61CA-41EC-A0AF-20E87A050F8C}.Release|x64.ActiveCfg = Release|x64
		{A59C471D-61CA-41EC-A0AF-20E87A050F8C}.Release|x64.Build.0 = Release|x64
		{A59C471D-61CA-41EC-A0AF-20E87A050F8C}.Release|x86.ActiveCfg = Release|Win32
		{A59C471D-61CA-41EC-A0AF-20E87A050F8C}.Release|x86.Build.0 = Release|Win32
		{A59C471D-61CA-41EC-A0AF-20E87A050F8C}.ReleaseExternal|x64.ActiveCfg = ReleaseExternal|x64
		{A59C471D-61CA-41EC-A0AF-20E87A050F8C}.ReleaseExternal|x64.Build.0 = ReleaseExternal|x64
		{A59C471D-61CA-41EC-A0AF-20E87A050F8C}.ReleaseExternal|x86.ActiveCfg = ReleaseExternal|Win32
		{A59C471D-61CA-41EC-A0AF-20E87A050F8C}.ReleaseExternal|x86.Build.0 = ReleaseExternal|Win32
		{B802BE30-559B-4CEE-9F02-32E3A2B4FA85}.Debug|x64.ActiveCfg = Debug|x64
		{B802BE30-559B-4CEE-9F02-32E3A2B4FA85}.Debug|x64.Build.0 = Debug|x64
		{B802BE30-559B-4CEE-9F02-32E3A2B4FA85}.Debug|x86.ActiveCfg = Debug|Win32
		{B802BE30-559B-4CEE-9F02-32E3A2B4FA85}.Debug|x86.Build.0 = Debug|Win32
		{B802BE30-559B-4CEE-9F02-32E3A2B4FA85}.Release|x64.ActiveCfg = Release|x64
		{B802BE30-559B-4CEE-9F02-32E3A2B4FA85}.Release|x64.Build.0 = Release|x64
		{B802BE30-559B-4CEE-9F02-32E3A2B4FA85}.Release|x86.ActiveCfg = Release|Win32
		{B802BE30-559B-4CEE-9F02-32E3A2B4FA85}.Release|x86.Build.0 = Release|Win32
		{B802BE30-559B-4CEE-9F02-32E3A2B4FA85}.ReleaseExternal|x64.ActiveCfg = ReleaseExternal|x64
		{B802BE30-559B-4CEE-9F02-32E3A2B4FA85}.ReleaseExternal|x64.Build.0 = ReleaseExternal|x64
		{B802BE30-559B-4CEE-9F02-32E3A2B4FA85}.ReleaseExternal|x86.ActiveCfg = ReleaseExternal|Win32
		{B802BE30-559B-4CEE-9F02-32E3A2B4FA85}.ReleaseExternal|x86.Build.0 = ReleaseExternal|Win32
		{2D3D4E4C-EF04-4C39-9EC2-2B8F799EF08C}.Debug|x64.ActiveCfg = Debug|x64
		{2D3D4E4C-EF04-4C39-9EC2-2B8F799EF08C}.Debug|x64.Build.0 = Debug|x64
		{2D3D4E4C-EF04-4C39-9EC2-2B8F799EF08C}.Debug|x86.ActiveCfg = Debug|Win32
		{2D3D4E4C-EF04-4C39-9EC2-2B8F799EF08C}.Debug|x86.Build.0 = Debug|Win32
		{2D3D4E4C-EF04-4C39-9EC2-2B8F799EF08C}.Release|x64.ActiveCfg = Release|x64
		{2D3D4E4C-EF04-4C39-9EC2-2B8F799EF08C}.Release|x64.Build.0 = Release|x64
		{2D3D4E4C-EF04-4C39-9EC2-2B8F799EF08C}.Release|x86.ActiveCfg = Release|Win32
		{2D3D4E4C-EF04-4C39-9EC2-2B8F799EF08C}.Release|x86.Build.0 = Release|Win32
		{2D3D4E4C-EF04-4C39-9EC2-2B8F799EF08C}.ReleaseExternal|x64.ActiveCfg = ReleaseExternal|x64
		{2D3D4E4C-EF04-4C39-9EC2-2B8F799EF08C}.ReleaseExternal|x64.Build.0 = ReleaseExternal|x64
		{2D3D4E4C-EF04-4C39-9EC2-2B8F799EF08C}.ReleaseExternal|x86.ActiveCfg = ReleaseExternal|Win32
		{2D3D4E4C-EF04-4C39-9EC2-2B8F799EF08C}.ReleaseExternal|x86.Build.0 = ReleaseExternal|Win32
		{5BA7BDCD-DCE6-4BC8-A601-647A9E8ECBE4}.Debug|x64.ActiveCfg = Debug|x64
		{5BA7BDCD-DCE6-4BC8-A601-647A9E8ECBE4}.Debug|x64.Build.0 = Debug|x64
		{5BA7BDCD-DCE6-4BC8-A601-647A9E8ECBE4}.Debug|x86.ActiveCfg = Debug|Win32
		{5BA7BDCD-DCE6-4BC8-A601-647A9E8ECBE4}.Debug|x86.Build.0 = Debug|Win32
		{5BA7BDCD-DCE6-4BC8-A601-647A9E8ECBE4}.Release|x64.ActiveCfg = Release|x64
		{5BA7BDCD-DCE6-4BC8-A601-647A9E8ECBE4}.Release|x64.Build.0 = Release|x64
		{5BA7BDCD-DCE6-4BC8-A601-647A9E8ECBE4}.Release|x86.ActiveCfg = Release|Win32
		{5BA7BDCD-DCE6-4BC8-A601-647A9E8ECBE4}.Release|x86.Build.0 = Release|Win32
		{5BA7BDCD-DCE6-4BC8-A601-647A9E8ECBE4}.ReleaseExternal|x64.ActiveCfg = ReleaseExternal|x64
		{5BA7BDCD-DCE6-4BC8-A601-647A9E8ECBE4}.ReleaseExternal|x64.Build.0 = ReleaseExternal|x64
		{5BA7BDCD-DCE6-4BC8-A601-647A9E8ECBE4}.ReleaseExternal|x86.ActiveCfg = ReleaseExternal|Win32
		{5BA7BDCD-DCE6-4BC8-A601-647A9E8ECBE4}.ReleaseExternal|x86.Build.0 = ReleaseExternal|Win32
		{E4D7696F-0841-3E78-A171-81A81AFE5893}.Debug|x64.ActiveCfg = Debug|x64
		{E4D7696F-0841-3E78-A171-81A81AFE5893}.Debug|x64.Build.0 = Debug|x64
		{E4D7696F-0841-3E78-A171-81A81AFE5893}.Debug|x86.ActiveCfg = Debug|Win32
		{E4D7696F-0841-3E78-A171-81A81AFE5893}.Debug|x86.Build.0 = Debug|Win32
		{E4D7696F-0841-3E78-A171-81A81AFE5893}.Release|x64.ActiveCfg = Release|x64
		{E4D7696F-0841-3E78-A171-81A81AFE5893}.Release|x64.Build.0 = Release|x64
		{E4D7696F-0841-3E78-A171-81A81AFE5893}.Release|x86.ActiveCfg = Release|Win32
		{E4D7696F-0841-3E78-A171-81A81AFE5893}.Release|x86.Build.0 = Release|Win32
		{E4D7696F-0841-3E78-A171-81A81AFE5893}.ReleaseExternal|x64.ActiveCfg = ReleaseExternal|x64
		{E4D7696F-0841-3E78-A171-81A81AFE5893}.ReleaseExternal|x64.Build.0 = ReleaseExternal|x64
		{E4D7696F-0841-3E78-A171-81A81AFE5893}.ReleaseExternal|x86.ActiveCfg = ReleaseExternal|Win32
		{E4D7696F-0841-3E78-A171-81A81AFE5893}.ReleaseExternal|x86.Build.0 = ReleaseExternal|Win32
		{03B612E0-45FF-4A2B-8E9F-C31970F1B44A}.Debug|x64.ActiveCfg = Debug|x64
		{03B612E0-45FF-4A2B-8E9F-C31970F1B44A}.Debug|x64.Build.0 = Debug|x64
		{03B612E0-45FF-4A2B-8E9F-C31970F1B44A}.Debug|x86.ActiveCfg = Debug|Win32
		{03B612E0-45FF-4A2B-8E9F-C31970F1B44A}.Debug|x86.Build.0 = Debug|Win32
		{03B612E0-45FF-4A2B-8E9F-C31970F1B44A}.Release|x64.ActiveCfg = Release|x64
		{03B612E0-45FF-4A2B-8E9F-C31970F1B44A}.Release|x64.Build.0 = Release|x64
		{03B612E0-45FF-4A2B-8E9F-C31970F1B44A}.Release|x86.ActiveCfg = Release|Win32
		{03B612E0-45FF-4A2B-8E9F-C31970F1B44A}.Release|x86.Build.0 = Release|Win32
		{03B612E0-45FF-4A2B-8E9F-C31970F1B44A}.ReleaseExternal|x64.ActiveCfg = Release|x64
		{03B612E0-45FF-4A2B-8E9F-C31970F1B44A}.ReleaseExternal|x64.Build.0 = Release|x64
		{03B612E0-45FF-4A2B-8E9F-C31970F1B44A}.ReleaseExternal|x86.ActiveCfg = Release|Win32
		{03B612E0-45FF-4A2B-8E9F-C31970F1B44A}.ReleaseExternal|x86.Build.0 = Release|Win32
		{54452BC0-1587-4845-B300-CDB3093430E6}.Debug|x64.ActiveCfg = Debug|x64
		{54452BC0-1587-4845-B300-CDB3093430E6}.Debug|x64.Build.0 = Debug|x64
		{54452BC0-1587-4845-B300-CDB3093430E6}.Debug|x86.ActiveCfg = Debug|Win32
		{54452BC0-1587-4845-B300-CDB3093430E6}.Debug|x86.Build.0 = Debug|Win32
		{54452BC0-1587-4845-B300-CDB3093430E6}.Release|x64.ActiveCfg = Release|x64
		{54452BC0-1587-4845-B300-CDB3093430E6}.Release|x64.Build.0 = Release|x64
		{54452BC0-1587-4845-B300-CDB3093430E6}.Release|x86.ActiveCfg = Release|Win32
		{54452BC0-1587-4845-B300-CDB3093430E6}.Release|x86.Build.0 = Release|Win32
		{54452BC0-1587-4845-B300-CDB3093430E6}.ReleaseExternal|x64.ActiveCfg = Release|x64
		{54452BC0-1587-4845-B300-CDB3093430E6}.ReleaseExternal|x64.Build.0 = Release|x64
		{54452BC0-1587-4845-B300-CDB3093430E6}.ReleaseExternal|x86.ActiveCfg = Release|Win32
		{54452BC0-1587-4845-B300-CDB3093430E6}.ReleaseExternal|x86.Build.0 = Release|Win32
		{98BA2AD0-C967-43B2-A4FC-3C474AC6F437}.Debug|x64.ActiveCfg = Debug|x64
		{98BA2AD0-C967-43B2-A4FC-3C474AC6F437}.Debug|x64.Build.0 = Debug|x64
		{98BA2AD0-C967-43B2-A4FC-3C474AC6F437}.Debug|x86.ActiveCfg = Debug|Win32
		{98BA2AD0-C967-43B2-A4FC-3C474AC6F437}.Debug|x86.Build.0 = Debug|Win32
		{98BA2AD0-C967-43B2-A4FC-3C474AC6F437}.Release|x64.ActiveCfg = Release|x64
		{98BA2AD0-C967-43B2-A4FC-3C474AC6F437}.Release|x64.Build.0 = Release|x64
		{98BA2AD0-C967-43B2-A4FC-3C474AC6F437}.Release|x86.ActiveCfg = Release|Win32
		{98BA2AD0-C967-43B2-A4FC-3C474AC6F437}.Release|x86.Build.0 = Release|Win32
		{98BA2AD0-C967-43B2-A4FC-3C474AC6F437}.ReleaseExternal|x64.ActiveCfg = Release|x64
		{98BA2AD0-C967-43B2-A4FC-3C474AC6F437}.ReleaseExternal|x64.Build.0 = Release|x64
		{98BA2AD0-C967-43B2-A4FC-3C474AC6F437}.ReleaseExternal|x86.ActiveCfg = Release|Win32
		{98BA2AD0-C967-43B2-A4FC-3C474AC6F437}.ReleaseExternal|x86.Build.0 = Release|Win32
		{F00C6ECB-AC9C-41A7-BB91-62BA3F1B6DF4}.Debug|x64.ActiveCfg = Debug|x64
		{F00C6ECB-AC9C-41A7-BB91-62BA3F1B6DF4}.Debug|x64.Build.0 = Debug|x64
		{F00C6ECB-AC9C-41A7-BB91-62BA3F1B6DF4}.Debug|x86.ActiveCfg = Debug|Win32
		{F00C6ECB-AC9C-41A7-BB91-62BA3F1B6DF4}.Debug|x86.Build.0 = Debug|Win32
		{F00C6ECB-AC9C-41A7-BB91-62BA3F1B6DF4}.Release|x64.ActiveCfg = Release|x64
		{F00C6ECB-AC9C-41A7-BB91-62BA3F1B6DF4}.Release|x64.Build.0 = Release|x64
		{F00C6ECB-AC9C-41A7-BB91-62BA3F1B6DF4}.Release|x86.ActiveCfg = Release|Win32
		{F00C6ECB-AC9C-41A7-BB91-62BA3F1B6DF4}.Release|x86.Build.0 = Release|Win32
		{F00C6ECB-AC9C-41A7-BB91-62BA3F1B6DF4}.ReleaseExternal|x64.ActiveCfg = Release|x64
		{F00C6ECB-AC9C-41A7-BB91-62BA3F1B6DF4}.ReleaseExternal|x64.Build.0 = Release|x64
		{F00C6ECB-AC9C-41A7-BB91-62BA3F1B6DF4}.ReleaseExternal|x86.ActiveCfg = Release|Win32
		{F00C6ECB-AC9C-41A7-BB91-62BA3F1B6DF4}.ReleaseExternal|x86.Build.0 = Release|Win32
		{E5A339FD-79B9-4959-AD93-94BE619019C6}.Debug|x64.ActiveCfg = Debug|x64
		{E5A339FD-79B9-4959-AD93-94BE619019C6}.Debug|x64.Build.0 = Debug|x64
		{E5A339FD-79B9-4959-AD93-94BE619019C6}.Debug|x86.ActiveCfg = Debug|Win32
		{E5A339FD-79B9-4959-AD93-94BE619019C6}.Debug|x86.Build.0 = Debug|Win32
		{E5A339FD-79B9-4959-AD93-94BE619019C6}.Release|x64.ActiveCfg = Release|x64
		{E5A339FD-79B9-4959-AD93-94BE619019C6}.Release|x64.Build.0 = Release|x64
		{E5A339FD-79B9-4959-AD93-94BE619019C6}.Release|x86.ActiveCfg = Release|Win32
		{E5A339FD-79B9-4959-AD93-94BE619019C6}.Release|x86.Build.0 = Release|Win32
		{E5A339FD-79B9-4959-AD93-94BE619019C6}.ReleaseExternal|x64.ActiveCfg = Release|x64
		{E5A339FD-79B9-4959-AD93-94BE619019C6}.ReleaseExternal|x64.Build.0 = Release|x64
		{E5A339FD-79B9-4959-AD93-94BE619019C6}.ReleaseExternal|x86.ActiveCfg = Release|Win32
		{E5A339FD-79B9-4959-AD93-94BE619019C6}.ReleaseExternal|x86.Build.0 = Release|Win32
	EndGlobalSection
	GlobalSection(SolutionProperties) = preSolution
		HideSolutionNode = FALSE
	EndGlobalSection
	GlobalSection(ExtensibilityGlobals) = postSolution
		SolutionGuid = {6E8163F2-A172-4D70-BE39-E6BB1D7C5BE7}
	EndGlobalSection
EndGlobal
